
Microsoft Visual Studio Solution File, Format Version 12.00
# Visual Studio Version 16
VisualStudioVersion = 16.0.30611.23
MinimumVisualStudioVersion = 10.0.40219.1
Project("{FAE04EC0-301F-11D3-BF4B-00C04F79EFBC}") = "CNPMQLKS", "CNPMQLKS\CNPMQLKS.csproj", "{D83801ED-7CF4-46D2-9A1F-92A675F2772F}"
EndProject
Global
	GlobalSection(SolutionConfigurationPlatforms) = preSolution
		Debug|Any CPU = Debug|Any CPU
		Release|Any CPU = Release|Any CPU
	EndGlobalSection
	GlobalSection(ProjectConfigurationPlatforms) = postSolution
		{D83801ED-7CF4-46D2-9A1F-92A675F2772F}.Debug|Any CPU.ActiveCfg = Debug|Any CPU
		{D83801ED-7CF4-46D2-9A1F-92A675F2772F}.Debug|Any CPU.Build.0 = Debug|Any CPU
		{D83801ED-7CF4-46D2-9A1F-92A675F2772F}.Release|Any CPU.ActiveCfg = Release|Any CPU
		{D83801ED-7CF4-46D2-9A1F-92A675F2772F}.Release|Any CPU.Build.0 = Release|Any CPU
	EndGlobalSection
	GlobalSection(SolutionProperties) = preSolution
		HideSolutionNode = FALSE
	EndGlobalSection
	GlobalSection(ExtensibilityGlobals) = postSolution
		SolutionGuid = {6B9B56F9-4115-45E9-B4B1-EF6A6D2F14BC}
	EndGlobalSection
EndGlobal
